// !$*UTF8*$!
{
	archiveVersion = 1;
	classes = {
	};
	objectVersion = 46;
	objects = {

/* Begin PBXBuildFile section */
		D44EFBB11D983E1200E72154 /* AppDelegate.swift in Sources */ = {isa = PBXBuildFile; fileRef = D44EFBB01D983E1200E72154 /* AppDelegate.swift */; };
		D44EFBB31D983E1200E72154 /* Assets.xcassets in Resources */ = {isa = PBXBuildFile; fileRef = D44EFBB21D983E1200E72154 /* Assets.xcassets */; };
		D44EFBB61D983E1200E72154 /* MainMenu.xib in Resources */ = {isa = PBXBuildFile; fileRef = D44EFBB41D983E1200E72154 /* MainMenu.xib */; };
		D44EFBC41D983E8900E72154 /* Cocoa.framework in Frameworks */ = {isa = PBXBuildFile; fileRef = D44EFBC31D983E8900E72154 /* Cocoa.framework */; };
		D44EFBC91D983E8900E72154 /* FunctionCommentExtension.swift in Sources */ = {isa = PBXBuildFile; fileRef = D44EFBC81D983E8900E72154 /* FunctionCommentExtension.swift */; };
		D44EFBCB1D983E8900E72154 /* FunctionCommentCommand.swift in Sources */ = {isa = PBXBuildFile; fileRef = D44EFBCA1D983E8900E72154 /* FunctionCommentCommand.swift */; };
		D44EFBCF1D983E8900E72154 /* Code Documentation.appex in Embed App Extensions */ = {isa = PBXBuildFile; fileRef = D44EFBC11D983E8900E72154 /* Code Documentation.appex */; settings = {ATTRIBUTES = (RemoveHeadersOnCopy, ); }; };
		D44EFBD51D98476300E72154 /* FileCommentCommand.swift in Sources */ = {isa = PBXBuildFile; fileRef = D44EFBD41D98476300E72154 /* FileCommentCommand.swift */; };
		D4DA061A1D9867A600C2B3EC /* Util.swift in Sources */ = {isa = PBXBuildFile; fileRef = D4DA06191D9867A600C2B3EC /* Util.swift */; };
		D4DA061B1D98688500C2B3EC /* Util.swift in Sources */ = {isa = PBXBuildFile; fileRef = D4DA06191D9867A600C2B3EC /* Util.swift */; };
/* End PBXBuildFile section */

/* Begin PBXContainerItemProxy section */
		D44EFBCD1D983E8900E72154 /* PBXContainerItemProxy */ = {
			isa = PBXContainerItemProxy;
			containerPortal = D44EFBA51D983E1200E72154 /* Project object */;
			proxyType = 1;
			remoteGlobalIDString = D44EFBC01D983E8900E72154;
			remoteInfo = FunctionComment;
		};
/* End PBXContainerItemProxy section */

/* Begin PBXCopyFilesBuildPhase section */
		D44EFBD31D983E8900E72154 /* Embed App Extensions */ = {
			isa = PBXCopyFilesBuildPhase;
			buildActionMask = 2147483647;
			dstPath = "";
			dstSubfolderSpec = 13;
			files = (
				D44EFBCF1D983E8900E72154 /* Code Documentation.appex in Embed App Extensions */,
			);
			name = "Embed App Extensions";
			runOnlyForDeploymentPostprocessing = 0;
		};
/* End PBXCopyFilesBuildPhase section */

/* Begin PBXFileReference section */
		D44EFBAD1D983E1200E72154 /* ExpressLane.app */ = {isa = PBXFileReference; explicitFileType = wrapper.application; includeInIndex = 0; path = ExpressLane.app; sourceTree = BUILT_PRODUCTS_DIR; };
		D44EFBB01D983E1200E72154 /* AppDelegate.swift */ = {isa = PBXFileReference; lastKnownFileType = sourcecode.swift; path = AppDelegate.swift; sourceTree = "<group>"; };
		D44EFBB21D983E1200E72154 /* Assets.xcassets */ = {isa = PBXFileReference; lastKnownFileType = folder.assetcatalog; path = Assets.xcassets; sourceTree = "<group>"; };
		D44EFBB51D983E1200E72154 /* Base */ = {isa = PBXFileReference; lastKnownFileType = file.xib; name = Base; path = Base.lproj/MainMenu.xib; sourceTree = "<group>"; };
		D44EFBB71D983E1200E72154 /* Info.plist */ = {isa = PBXFileReference; lastKnownFileType = text.plist.xml; path = Info.plist; sourceTree = "<group>"; };
		D44EFBC11D983E8900E72154 /* Code Documentation.appex */ = {isa = PBXFileReference; explicitFileType = "wrapper.app-extension"; includeInIndex = 0; path = "Code Documentation.appex"; sourceTree = BUILT_PRODUCTS_DIR; };
		D44EFBC31D983E8900E72154 /* Cocoa.framework */ = {isa = PBXFileReference; lastKnownFileType = wrapper.framework; name = Cocoa.framework; path = System/Library/Frameworks/Cocoa.framework; sourceTree = SDKROOT; };
		D44EFBC71D983E8900E72154 /* FunctionComment.entitlements */ = {isa = PBXFileReference; lastKnownFileType = text.plist.entitlements; path = FunctionComment.entitlements; sourceTree = "<group>"; };
		D44EFBC81D983E8900E72154 /* FunctionCommentExtension.swift */ = {isa = PBXFileReference; lastKnownFileType = sourcecode.swift; path = FunctionCommentExtension.swift; sourceTree = "<group>"; };
		D44EFBCA1D983E8900E72154 /* FunctionCommentCommand.swift */ = {isa = PBXFileReference; lastKnownFileType = sourcecode.swift; path = FunctionCommentCommand.swift; sourceTree = "<group>"; };
		D44EFBCC1D983E8900E72154 /* Info.plist */ = {isa = PBXFileReference; lastKnownFileType = text.plist.xml; path = Info.plist; sourceTree = "<group>"; };
		D44EFBD41D98476300E72154 /* FileCommentCommand.swift */ = {isa = PBXFileReference; fileEncoding = 4; lastKnownFileType = sourcecode.swift; path = FileCommentCommand.swift; sourceTree = "<group>"; };
		D4DA06191D9867A600C2B3EC /* Util.swift */ = {isa = PBXFileReference; fileEncoding = 4; lastKnownFileType = sourcecode.swift; path = Util.swift; sourceTree = "<group>"; };
/* End PBXFileReference section */

/* Begin PBXFrameworksBuildPhase section */
		D44EFBAA1D983E1200E72154 /* Frameworks */ = {
			isa = PBXFrameworksBuildPhase;
			buildActionMask = 2147483647;
			files = (
			);
			runOnlyForDeploymentPostprocessing = 0;
		};
		D44EFBBE1D983E8900E72154 /* Frameworks */ = {
			isa = PBXFrameworksBuildPhase;
			buildActionMask = 2147483647;
			files = (
				D44EFBC41D983E8900E72154 /* Cocoa.framework in Frameworks */,
			);
			runOnlyForDeploymentPostprocessing = 0;
		};
/* End PBXFrameworksBuildPhase section */

/* Begin PBXGroup section */
		D44EFBA41D983E1200E72154 = {
			isa = PBXGroup;
			children = (
				D44EFBAF1D983E1200E72154 /* ExpressLane */,
				D44EFBC51D983E8900E72154 /* FunctionComment */,
				D44EFBC21D983E8900E72154 /* Frameworks */,
				D44EFBAE1D983E1200E72154 /* Products */,
			);
			sourceTree = "<group>";
		};
		D44EFBAE1D983E1200E72154 /* Products */ = {
			isa = PBXGroup;
			children = (
				D44EFBAD1D983E1200E72154 /* ExpressLane.app */,
				D44EFBC11D983E8900E72154 /* Code Documentation.appex */,
			);
			name = Products;
			sourceTree = "<group>";
		};
		D44EFBAF1D983E1200E72154 /* ExpressLane */ = {
			isa = PBXGroup;
			children = (
				D44EFBB01D983E1200E72154 /* AppDelegate.swift */,
				D44EFBB21D983E1200E72154 /* Assets.xcassets */,
				D44EFBB41D983E1200E72154 /* MainMenu.xib */,
				D44EFBB71D983E1200E72154 /* Info.plist */,
			);
			path = ExpressLane;
			sourceTree = "<group>";
		};
		D44EFBC21D983E8900E72154 /* Frameworks */ = {
			isa = PBXGroup;
			children = (
				D44EFBC31D983E8900E72154 /* Cocoa.framework */,
			);
			name = Frameworks;
			sourceTree = "<group>";
		};
		D44EFBC51D983E8900E72154 /* FunctionComment */ = {
			isa = PBXGroup;
			children = (
				D44EFBC81D983E8900E72154 /* FunctionCommentExtension.swift */,
				D44EFBCA1D983E8900E72154 /* FunctionCommentCommand.swift */,
				D44EFBD41D98476300E72154 /* FileCommentCommand.swift */,
				D4DA06191D9867A600C2B3EC /* Util.swift */,
				D44EFBCC1D983E8900E72154 /* Info.plist */,
				D44EFBC61D983E8900E72154 /* Supporting Files */,
			);
			path = FunctionComment;
			sourceTree = "<group>";
		};
		D44EFBC61D983E8900E72154 /* Supporting Files */ = {
			isa = PBXGroup;
			children = (
				D44EFBC71D983E8900E72154 /* FunctionComment.entitlements */,
			);
			name = "Supporting Files";
			sourceTree = "<group>";
		};
/* End PBXGroup section */

/* Begin PBXNativeTarget section */
		D44EFBAC1D983E1200E72154 /* ExpressLane */ = {
			isa = PBXNativeTarget;
			buildConfigurationList = D44EFBBA1D983E1200E72154 /* Build configuration list for PBXNativeTarget "ExpressLane" */;
			buildPhases = (
				D44EFBA91D983E1200E72154 /* Sources */,
				D44EFBAA1D983E1200E72154 /* Frameworks */,
				D44EFBAB1D983E1200E72154 /* Resources */,
				D44EFBD31D983E8900E72154 /* Embed App Extensions */,
			);
			buildRules = (
			);
			dependencies = (
				D44EFBCE1D983E8900E72154 /* PBXTargetDependency */,
			);
			name = ExpressLane;
			productName = ExpressLane;
			productReference = D44EFBAD1D983E1200E72154 /* ExpressLane.app */;
			productType = "com.apple.product-type.application";
		};
		D44EFBC01D983E8900E72154 /* Code Documentation */ = {
			isa = PBXNativeTarget;
			buildConfigurationList = D44EFBD01D983E8900E72154 /* Build configuration list for PBXNativeTarget "Code Documentation" */;
			buildPhases = (
				D44EFBBD1D983E8900E72154 /* Sources */,
				D44EFBBE1D983E8900E72154 /* Frameworks */,
				D44EFBBF1D983E8900E72154 /* Resources */,
			);
			buildRules = (
			);
			dependencies = (
			);
			name = "Code Documentation";
			productName = FunctionComment;
			productReference = D44EFBC11D983E8900E72154 /* Code Documentation.appex */;
			productType = "com.apple.product-type.xcode-extension";
		};
/* End PBXNativeTarget section */

/* Begin PBXProject section */
		D44EFBA51D983E1200E72154 /* Project object */ = {
			isa = PBXProject;
			attributes = {
				LastSwiftUpdateCheck = 0800;
				LastUpgradeCheck = 0800;
				ORGANIZATIONNAME = "Mobile Toolworks";
				TargetAttributes = {
					D44EFBAC1D983E1200E72154 = {
						CreatedOnToolsVersion = 8.0;
						DevelopmentTeam = 4R6ZY9U5BR;
						ProvisioningStyle = Automatic;
					};
					D44EFBC01D983E8900E72154 = {
						CreatedOnToolsVersion = 8.0;
						DevelopmentTeam = 4R6ZY9U5BR;
						ProvisioningStyle = Automatic;
					};
				};
			};
			buildConfigurationList = D44EFBA81D983E1200E72154 /* Build configuration list for PBXProject "ExpressLane" */;
			compatibilityVersion = "Xcode 3.2";
			developmentRegion = English;
			hasScannedForEncodings = 0;
			knownRegions = (
				en,
				Base,
			);
			mainGroup = D44EFBA41D983E1200E72154;
			productRefGroup = D44EFBAE1D983E1200E72154 /* Products */;
			projectDirPath = "";
			projectRoot = "";
			targets = (
				D44EFBAC1D983E1200E72154 /* ExpressLane */,
				D44EFBC01D983E8900E72154 /* Code Documentation */,
			);
		};
/* End PBXProject section */

/* Begin PBXResourcesBuildPhase section */
		D44EFBAB1D983E1200E72154 /* Resources */ = {
			isa = PBXResourcesBuildPhase;
			buildActionMask = 2147483647;
			files = (
				D44EFBB31D983E1200E72154 /* Assets.xcassets in Resources */,
				D44EFBB61D983E1200E72154 /* MainMenu.xib in Resources */,
			);
			runOnlyForDeploymentPostprocessing = 0;
		};
		D44EFBBF1D983E8900E72154 /* Resources */ = {
			isa = PBXResourcesBuildPhase;
			buildActionMask = 2147483647;
			files = (
			);
			runOnlyForDeploymentPostprocessing = 0;
		};
/* End PBXResourcesBuildPhase section */

/* Begin PBXSourcesBuildPhase section */
		D44EFBA91D983E1200E72154 /* Sources */ = {
			isa = PBXSourcesBuildPhase;
			buildActionMask = 2147483647;
			files = (
				D44EFBB11D983E1200E72154 /* AppDelegate.swift in Sources */,
				D4DA061A1D9867A600C2B3EC /* Util.swift in Sources */,
			);
			runOnlyForDeploymentPostprocessing = 0;
		};
		D44EFBBD1D983E8900E72154 /* Sources */ = {
			isa = PBXSourcesBuildPhase;
			buildActionMask = 2147483647;
			files = (
				D4DA061B1D98688500C2B3EC /* Util.swift in Sources */,
				D44EFBD51D98476300E72154 /* FileCommentCommand.swift in Sources */,
				D44EFBC91D983E8900E72154 /* FunctionCommentExtension.swift in Sources */,
				D44EFBCB1D983E8900E72154 /* FunctionCommentCommand.swift in Sources */,
			);
			runOnlyForDeploymentPostprocessing = 0;
		};
/* End PBXSourcesBuildPhase section */

/* Begin PBXTargetDependency section */
		D44EFBCE1D983E8900E72154 /* PBXTargetDependency */ = {
			isa = PBXTargetDependency;
			target = D44EFBC01D983E8900E72154 /* Code Documentation */;
			targetProxy = D44EFBCD1D983E8900E72154 /* PBXContainerItemProxy */;
		};
/* End PBXTargetDependency section */

/* Begin PBXVariantGroup section */
		D44EFBB41D983E1200E72154 /* MainMenu.xib */ = {
			isa = PBXVariantGroup;
			children = (
				D44EFBB51D983E1200E72154 /* Base */,
			);
			name = MainMenu.xib;
			sourceTree = "<group>";
		};
/* End PBXVariantGroup section */

/* Begin XCBuildConfiguration section */
		D44EFBB81D983E1200E72154 /* Debug */ = {
			isa = XCBuildConfiguration;
			buildSettings = {
				ALWAYS_SEARCH_USER_PATHS = NO;
				CLANG_ANALYZER_NONNULL = YES;
				CLANG_CXX_LANGUAGE_STANDARD = "gnu++0x";
				CLANG_CXX_LIBRARY = "libc++";
				CLANG_ENABLE_MODULES = YES;
				CLANG_ENABLE_OBJC_ARC = YES;
				CLANG_WARN_BOOL_CONVERSION = YES;
				CLANG_WARN_CONSTANT_CONVERSION = YES;
				CLANG_WARN_DIRECT_OBJC_ISA_USAGE = YES_ERROR;
				CLANG_WARN_DOCUMENTATION_COMMENTS = YES;
				CLANG_WARN_EMPTY_BODY = YES;
				CLANG_WARN_ENUM_CONVERSION = YES;
				CLANG_WARN_INFINITE_RECURSION = YES;
				CLANG_WARN_INT_CONVERSION = YES;
				CLANG_WARN_OBJC_ROOT_CLASS = YES_ERROR;
				CLANG_WARN_SUSPICIOUS_MOVES = YES;
				CLANG_WARN_UNREACHABLE_CODE = YES;
				CLANG_WARN__DUPLICATE_METHOD_MATCH = YES;
				CODE_SIGN_IDENTITY = "-";
				COPY_PHASE_STRIP = NO;
				DEBUG_INFORMATION_FORMAT = dwarf;
				ENABLE_STRICT_OBJC_MSGSEND = YES;
				ENABLE_TESTABILITY = YES;
				GCC_C_LANGUAGE_STANDARD = gnu99;
				GCC_DYNAMIC_NO_PIC = NO;
				GCC_NO_COMMON_BLOCKS = YES;
				GCC_OPTIMIZATION_LEVEL = 0;
				GCC_PREPROCESSOR_DEFINITIONS = (
					"DEBUG=1",
					"$(inherited)",
				);
				GCC_WARN_64_TO_32_BIT_CONVERSION = YES;
				GCC_WARN_ABOUT_RETURN_TYPE = YES_ERROR;
				GCC_WARN_UNDECLARED_SELECTOR = YES;
				GCC_WARN_UNINITIALIZED_AUTOS = YES_AGGRESSIVE;
				GCC_WARN_UNUSED_FUNCTION = YES;
				GCC_WARN_UNUSED_VARIABLE = YES;
				MACOSX_DEPLOYMENT_TARGET = 10.12;
				MTL_ENABLE_DEBUG_INFO = YES;
				ONLY_ACTIVE_ARCH = YES;
				SDKROOT = macosx;
				SWIFT_ACTIVE_COMPILATION_CONDITIONS = DEBUG;
				SWIFT_OPTIMIZATION_LEVEL = "-Onone";
			};
			name = Debug;
		};
		D44EFBB91D983E1200E72154 /* Release */ = {
			isa = XCBuildConfiguration;
			buildSettings = {
				ALWAYS_SEARCH_USER_PATHS = NO;
				CLANG_ANALYZER_NONNULL = YES;
				CLANG_CXX_LANGUAGE_STANDARD = "gnu++0x";
				CLANG_CXX_LIBRARY = "libc++";
				CLANG_ENABLE_MODULES = YES;
				CLANG_ENABLE_OBJC_ARC = YES;
				CLANG_WARN_BOOL_CONVERSION = YES;
				CLANG_WARN_CONSTANT_CONVERSION = YES;
				CLANG_WARN_DIRECT_OBJC_ISA_USAGE = YES_ERROR;
				CLANG_WARN_DOCUMENTATION_COMMENTS = YES;
				CLANG_WARN_EMPTY_BODY = YES;
				CLANG_WARN_ENUM_CONVERSION = YES;
				CLANG_WARN_INFINITE_RECURSION = YES;
				CLANG_WARN_INT_CONVERSION = YES;
				CLANG_WARN_OBJC_ROOT_CLASS = YES_ERROR;
				CLANG_WARN_SUSPICIOUS_MOVES = YES;
				CLANG_WARN_UNREACHABLE_CODE = YES;
				CLANG_WARN__DUPLICATE_METHOD_MATCH = YES;
				CODE_SIGN_IDENTITY = "-";
				COPY_PHASE_STRIP = NO;
				DEBUG_INFORMATION_FORMAT = "dwarf-with-dsym";
				ENABLE_NS_ASSERTIONS = NO;
				ENABLE_STRICT_OBJC_MSGSEND = YES;
				GCC_C_LANGUAGE_STANDARD = gnu99;
				GCC_NO_COMMON_BLOCKS = YES;
				GCC_WARN_64_TO_32_BIT_CONVERSION = YES;
				GCC_WARN_ABOUT_RETURN_TYPE = YES_ERROR;
				GCC_WARN_UNDECLARED_SELECTOR = YES;
				GCC_WARN_UNINITIALIZED_AUTOS = YES_AGGRESSIVE;
				GCC_WARN_UNUSED_FUNCTION = YES;
				GCC_WARN_UNUSED_VARIABLE = YES;
				MACOSX_DEPLOYMENT_TARGET = 10.12;
				MTL_ENABLE_DEBUG_INFO = NO;
				SDKROOT = macosx;
				SWIFT_OPTIMIZATION_LEVEL = "-Owholemodule";
			};
			name = Release;
		};
		D44EFBBB1D983E1200E72154 /* Debug */ = {
			isa = XCBuildConfiguration;
			buildSettings = {
				ALWAYS_EMBED_SWIFT_STANDARD_LIBRARIES = YES;
				ASSETCATALOG_COMPILER_APPICON_NAME = AppIcon;
				CODE_SIGN_IDENTITY = "Mac Developer";
				COMBINE_HIDPI_IMAGES = YES;
				DEVELOPMENT_TEAM = 4R6ZY9U5BR;
				INFOPLIST_FILE = ExpressLane/Info.plist;
				LD_RUNPATH_SEARCH_PATHS = "$(inherited) @executable_path/../Frameworks";
				PRODUCT_BUNDLE_IDENTIFIER = com.mobiletoolworks.ExpressLane;
				PRODUCT_NAME = "$(TARGET_NAME)";
				SWIFT_VERSION = 3.0;
			};
			name = Debug;
		};
		D44EFBBC1D983E1200E72154 /* Release */ = {
			isa = XCBuildConfiguration;
			buildSettings = {
				ALWAYS_EMBED_SWIFT_STANDARD_LIBRARIES = YES;
				ASSETCATALOG_COMPILER_APPICON_NAME = AppIcon;
				CODE_SIGN_IDENTITY = "Mac Developer";
				COMBINE_HIDPI_IMAGES = YES;
				DEVELOPMENT_TEAM = 4R6ZY9U5BR;
				INFOPLIST_FILE = ExpressLane/Info.plist;
				LD_RUNPATH_SEARCH_PATHS = "$(inherited) @executable_path/../Frameworks";
				PRODUCT_BUNDLE_IDENTIFIER = com.mobiletoolworks.ExpressLane;
				PRODUCT_NAME = "$(TARGET_NAME)";
				SWIFT_VERSION = 3.0;
			};
			name = Release;
		};
		D44EFBD11D983E8900E72154 /* Debug */ = {
			isa = XCBuildConfiguration;
			buildSettings = {
				CODE_SIGN_ENTITLEMENTS = FunctionComment/FunctionComment.entitlements;
				CODE_SIGN_IDENTITY = "Mac Developer";
				COMBINE_HIDPI_IMAGES = YES;
				DEVELOPMENT_TEAM = 4R6ZY9U5BR;
				INFOPLIST_FILE = FunctionComment/Info.plist;
				LD_RUNPATH_SEARCH_PATHS = "$(inherited) @executable_path/../Frameworks @executable_path/../../../../Frameworks";
				MACOSX_DEPLOYMENT_TARGET = 10.11;
				PRODUCT_BUNDLE_IDENTIFIER = com.mobiletoolworks.ExpressLane.FunctionComment;
				PRODUCT_NAME = "$(TARGET_NAME)";
				SKIP_INSTALL = YES;
				SWIFT_VERSION = 3.0;
			};
			name = Debug;
		};
		D44EFBD21D983E8900E72154 /* Release */ = {
			isa = XCBuildConfiguration;
			buildSettings = {
				CODE_SIGN_ENTITLEMENTS = FunctionComment/FunctionComment.entitlements;
				CODE_SIGN_IDENTITY = "Mac Developer";
				COMBINE_HIDPI_IMAGES = YES;
				DEVELOPMENT_TEAM = 4R6ZY9U5BR;
				INFOPLIST_FILE = FunctionComment/Info.plist;
				LD_RUNPATH_SEARCH_PATHS = "$(inherited) @executable_path/../Frameworks @executable_path/../../../../Frameworks";
				MACOSX_DEPLOYMENT_TARGET = 10.11;
				PRODUCT_BUNDLE_IDENTIFIER = com.mobiletoolworks.ExpressLane.FunctionComment;
				PRODUCT_NAME = "$(TARGET_NAME)";
				SKIP_INSTALL = YES;
				SWIFT_VERSION = 3.0;
			};
			name = Release;
		};
/* End XCBuildConfiguration section */

/* Begin XCConfigurationList section */
		D44EFBA81D983E1200E72154 /* Build configuration list for PBXProject "ExpressLane" */ = {
			isa = XCConfigurationList;
			buildConfigurations = (
				D44EFBB81D983E1200E72154 /* Debug */,
				D44EFBB91D983E1200E72154 /* Release */,
			);
			defaultConfigurationIsVisible = 0;
			defaultConfigurationName = Release;
		};
		D44EFBBA1D983E1200E72154 /* Build configuration list for PBXNativeTarget "ExpressLane" */ = {
			isa = XCConfigurationList;
			buildConfigurations = (
				D44EFBBB1D983E1200E72154 /* Debug */,
				D44EFBBC1D983E1200E72154 /* Release */,
			);
			defaultConfigurationIsVisible = 0;
			defaultConfigurationName = Release;
		};
		D44EFBD01D983E8900E72154 /* Build configuration list for PBXNativeTarget "Code Documentation" */ = {
			isa = XCConfigurationList;
			buildConfigurations = (
				D44EFBD11D983E8900E72154 /* Debug */,
				D44EFBD21D983E8900E72154 /* Release */,
			);
			defaultConfigurationIsVisible = 0;
			defaultConfigurationName = Release;
		};
/* End XCConfigurationList section */
	};
	rootObject = D44EFBA51D983E1200E72154 /* Project object */;
}
